
Microsoft Visual Studio Solution File, Format Version 12.00
# Visual Studio Version 17
VisualStudioVersion = 17.6.33829.357
MinimumVisualStudioVersion = 10.0.40219.1
Project("{8BC9CEB8-8B4A-11D0-8D11-00A0C91BC942}") = "Lab2P3_GerardoCano", "Lab2P3_GerardoCano.vcxproj", "{D529BB85-2D8F-414E-A855-DC89B49DDEC3}"
EndProject
Global
	GlobalSection(SolutionConfigurationPlatforms) = preSolution
		Debug|x64 = Debug|x64
		Debug|x86 = Debug|x86
		Release|x64 = Release|x64
		Release|x86 = Release|x86
	EndGlobalSection
	GlobalSection(ProjectConfigurationPlatforms) = postSolution
		{D529BB85-2D8F-414E-A855-DC89B49DDEC3}.Debug|x64.ActiveCfg = Debug|x64
		{D529BB85-2D8F-414E-A855-DC89B49DDEC3}.Debug|x64.Build.0 = Debug|x64
		{D529BB85-2D8F-414E-A855-DC89B49DDEC3}.Debug|x86.ActiveCfg = Debug|Win32
		{D529BB85-2D8F-414E-A855-DC89B49DDEC3}.Debug|x86.Build.0 = Debug|Win32
		{D529BB85-2D8F-414E-A855-DC89B49DDEC3}.Release|x64.ActiveCfg = Release|x64
		{D529BB85-2D8F-414E-A855-DC89B49DDEC3}.Release|x64.Build.0 = Release|x64
		{D529BB85-2D8F-414E-A855-DC89B49DDEC3}.Release|x86.ActiveCfg = Release|Win32
		{D529BB85-2D8F-414E-A855-DC89B49DDEC3}.Release|x86.Build.0 = Release|Win32
	EndGlobalSection
	GlobalSection(SolutionProperties) = preSolution
		HideSolutionNode = FALSE
	EndGlobalSection
	GlobalSection(ExtensibilityGlobals) = postSolution
		SolutionGuid = {E8DF6347-754B-4636-BCD1-44E734E212B4}
	EndGlobalSection
EndGlobal
